{
  "lockfileVersion": 1,
  "configVersion": 0,
  "workspaces": {
    "": {
      "dependencies": {
        "@dietrichgebert/ponytail": "^4.8.4",
      },
    },
  },
  "packages": {
    "@dietrichgebert/ponytail": ["@dietrichgebert/ponytail@4.8.4", "", {}, "sha512-MALDTmDxKa2SJ8zKVekuOwWvo6+PvypNf5xeV2AtLO5OBtkt1U7DLWOeUbb9Th3H9lV80EkWoRI05yK0/dnekA=="],
  }
}
