{
  "lockfileVersion": 1,
  "configVersion": 0,
  "workspaces": {
    "": {
      "dependencies": {
        "@dietrichgebert/ponytail": "4.9.0",
      },
    },
  },
  "packages": {
    "@dietrichgebert/ponytail": ["@dietrichgebert/ponytail@4.9.0", "", {}, "sha512-OSdybtBZ3uDd5m/+zyz4h8/+BVBR9nGFhqTDmQkQb1v7k4Vfc1qql78naY64UjocdBPqR94htZEkKu2wpKTJaw=="],
  }
}
